
Microsoft Visual Studio Solution File, Format Version 12.00
# Visual Studio Version 17
VisualStudioVersion = 17.11.35222.181
MinimumVisualStudioVersion = 10.0.40219.1
Project("{888888A0-9F3D-457C-B088-3A5042F75D52}") = "HappyFish_Assignment10", "HappyFish_Assignment10\HappyFish_Assignment10.pyproj", "{417AFF7D-C655-4D67-8E6A-2827A572BFD2}"
EndProject
Global
	GlobalSection(SolutionConfigurationPlatforms) = preSolution
		Debug|Any CPU = Debug|Any CPU
		Release|Any CPU = Release|Any CPU
	EndGlobalSection
	GlobalSection(ProjectConfigurationPlatforms) = postSolution
		{417AFF7D-C655-4D67-8E6A-2827A572BFD2}.Debug|Any CPU.ActiveCfg = Debug|Any CPU
		{417AFF7D-C655-4D67-8E6A-2827A572BFD2}.Release|Any CPU.ActiveCfg = Release|Any CPU
	EndGlobalSection
	GlobalSection(SolutionProperties) = preSolution
		HideSolutionNode = FALSE
	EndGlobalSection
	GlobalSection(ExtensibilityGlobals) = postSolution
		SolutionGuid = {317E59F7-23C9-43B3-8092-6D5FF242F0E8}
	EndGlobalSection
EndGlobal
